
Microsoft Visual Studio Solution File, Format Version 12.00
# Visual Studio Version 16
VisualStudioVersion = 16.0.31729.503
MinimumVisualStudioVersion = 10.0.40219.1
Project("{FAE04EC0-301F-11D3-BF4B-00C04F79EFBC}") = "notaAluno", "notaAluno\notaAluno.csproj", "{71283A59-5013-403D-8C84-C83155FF54A5}"
EndProject
Global
	GlobalSection(SolutionConfigurationPlatforms) = preSolution
		Debug|Any CPU = Debug|Any CPU
		Release|Any CPU = Release|Any CPU
	EndGlobalSection
	GlobalSection(ProjectConfigurationPlatforms) = postSolution
		{71283A59-5013-403D-8C84-C83155FF54A5}.Debug|Any CPU.ActiveCfg = Debug|Any CPU
		{71283A59-5013-403D-8C84-C83155FF54A5}.Debug|Any CPU.Build.0 = Debug|Any CPU
		{71283A59-5013-403D-8C84-C83155FF54A5}.Release|Any CPU.ActiveCfg = Release|Any CPU
		{71283A59-5013-403D-8C84-C83155FF54A5}.Release|Any CPU.Build.0 = Release|Any CPU
	EndGlobalSection
	GlobalSection(SolutionProperties) = preSolution
		HideSolutionNode = FALSE
	EndGlobalSection
	GlobalSection(ExtensibilityGlobals) = postSolution
		SolutionGuid = {22F727A6-B6C3-4233-9734-D18E30344D2F}
	EndGlobalSection
EndGlobal
